
Microsoft Visual Studio Solution File, Format Version 12.00
# Visual Studio Version 17
VisualStudioVersion = 17.1.32407.343
MinimumVisualStudioVersion = 10.0.40219.1
Project("{FAE04EC0-301F-11D3-BF4B-00C04F79EFBC}") = "blog", "blog\blog.csproj", "{83041A78-7C68-4C44-9DA9-49A57BD3D5DA}"
EndProject
Global
	GlobalSection(SolutionConfigurationPlatforms) = preSolution
		Debug|Any CPU = Debug|Any CPU
		Release|Any CPU = Release|Any CPU
	EndGlobalSection
	GlobalSection(ProjectConfigurationPlatforms) = postSolution
		{83041A78-7C68-4C44-9DA9-49A57BD3D5DA}.Debug|Any CPU.ActiveCfg = Debug|Any CPU
		{83041A78-7C68-4C44-9DA9-49A57BD3D5DA}.Debug|Any CPU.Build.0 = Debug|Any CPU
		{83041A78-7C68-4C44-9DA9-49A57BD3D5DA}.Release|Any CPU.ActiveCfg = Release|Any CPU
		{83041A78-7C68-4C44-9DA9-49A57BD3D5DA}.Release|Any CPU.Build.0 = Release|Any CPU
	EndGlobalSection
	GlobalSection(SolutionProperties) = preSolution
		HideSolutionNode = FALSE
	EndGlobalSection
	GlobalSection(ExtensibilityGlobals) = postSolution
		SolutionGuid = {F6C35F9D-5440-4A8B-A8C5-DCD9DBD3AF1D}
	EndGlobalSection
EndGlobal
